
Microsoft Visual Studio Solution File, Format Version 12.00
# Visual Studio Version 16
VisualStudioVersion = 16.0.31205.134
MinimumVisualStudioVersion = 10.0.40219.1
Project("{FAE04EC0-301F-11D3-BF4B-00C04F79EFBC}") = "MimicAPI", "MimicAPI\MimicAPI.csproj", "{DE49BCF7-EDAF-4EE6-B8B2-275510015DCD}"
EndProject
Global
	GlobalSection(SolutionConfigurationPlatforms) = preSolution
		Debug|Any CPU = Debug|Any CPU
		Release|Any CPU = Release|Any CPU
	EndGlobalSection
	GlobalSection(ProjectConfigurationPlatforms) = postSolution
		{DE49BCF7-EDAF-4EE6-B8B2-275510015DCD}.Debug|Any CPU.ActiveCfg = Debug|Any CPU
		{DE49BCF7-EDAF-4EE6-B8B2-275510015DCD}.Debug|Any CPU.Build.0 = Debug|Any CPU
		{DE49BCF7-EDAF-4EE6-B8B2-275510015DCD}.Release|Any CPU.ActiveCfg = Release|Any CPU
		{DE49BCF7-EDAF-4EE6-B8B2-275510015DCD}.Release|Any CPU.Build.0 = Release|Any CPU
	EndGlobalSection
	GlobalSection(SolutionProperties) = preSolution
		HideSolutionNode = FALSE
	EndGlobalSection
	GlobalSection(ExtensibilityGlobals) = postSolution
		SolutionGuid = {D8AD7736-E853-49F2-9946-FEAAD43A4E39}
	EndGlobalSection
EndGlobal
